<?xml version="1.0" encoding="UTF-8" standalone="yes" ?>
<CodeBlocks_project_file>
	<FileVersion major="1" minor="6" />
	<Project>
		<Option title="Cal3dNative" />
		<Option pch_mode="2" />
		<Option compiler="armelfgcc" />
		<Build>
			<Target title="Release">
				<Option output="bin\Release\Cal3dNative" prefix_auto="1" extension_auto="1" />
				<Option object_output="obj\Release\" />
				<Option type="1" />
				<Option compiler="armelfgcc" />
				<Compiler>
					<Add option="-O2" />
				</Compiler>
				<Linker>
					<Add option="-s" />
				</Linker>
			</Target>
		</Build>
		<Compiler>
			<Add option="-Wall" />
		</Compiler>
		<Unit filename="..\jni\inc\Base\ARGameProgram.h" />
		<Unit filename="..\jni\inc\Base\AndroidWrapper.h" />
		<Unit filename="..\jni\inc\Base\GameStateManager.h" />
		<Unit filename="..\jni\inc\Base\NativeProgram.h" />
		<Unit filename="..\jni\inc\GUI\Shape.h" />
		<Unit filename="..\jni\inc\GUI\Sprite.h" />
		<Unit filename="..\jni\inc\GameState\GameState.h" />
		<Unit filename="..\jni\inc\GameState\RenderState.h" />
		<Unit filename="..\jni\inc\Utils\Stack.h" />
		<Unit filename="..\jni\inc\Utils\Texture.h" />
		<Unit filename="..\jni\inc\Utils\Utils.h" />
		<Unit filename="..\jni\program\demo.cpp" />
		<Unit filename="..\jni\program\demo.h" />
		<Unit filename="..\jni\program\global.h" />
		<Unit filename="..\jni\program\main.cpp" />
		<Unit filename="..\jni\program\menu.cpp" />
		<Unit filename="..\jni\program\menu.h" />
		<Unit filename="..\jni\program\model.cpp" />
		<Unit filename="..\jni\program\model.h" />
		<Unit filename="..\jni\src\Base\ARGameProgram.cpp" />
		<Unit filename="..\jni\src\Base\AndroidWrapper.cpp" />
		<Unit filename="..\jni\src\Base\GameStateManager.cpp" />
		<Unit filename="..\jni\src\GUI\Shape.cpp" />
		<Unit filename="..\jni\src\GUI\Sprite.cpp" />
		<Unit filename="..\jni\src\GameState\RenderState.cpp" />
		<Extensions>
			<code_completion />
			<debugger />
		</Extensions>
	</Project>
</CodeBlocks_project_file>
